github.com/alkem-io/website-wowchemy-blocks v0.0.0-20221219201658-0607ea6ca9b4 h1:eNRPVWFN05bhd83oSOdaljZTvV097ckwPh0xiOIk3MY=
github.com/alkem-io/website-wowchemy-blocks v0.0.0-20221219201658-0607ea6ca9b4/go.mod h1:1C1jhefvdXC8bEFELiP096Ev/1aSBHqmMO9GWit6tno=
github.com/alkem-io/website-wowchemy-blocks v0.0.0-20221220172130-428e1aec7041 h1:va+h4xKFw2BlV9UbG4gNdIOCHgLFQJTOio/Pg3GuVWI=
github.com/alkem-io/website-wowchemy-blocks v0.0.0-20221220172130-428e1aec7041/go.mod h1:1C1jhefvdXC8bEFELiP096Ev/1aSBHqmMO9GWit6tno=
github.com/alkem-io/website-wowchemy-blocks v0.0.0-20221222112023-1f94a2a8cc2d h1:S0zds9eSRqkEhTXT0Xbwx+QA7MaspIoVOj3H/QLQ51U=
github.com/alkem-io/website-wowchemy-blocks v0.0.0-20221222112023-1f94a2a8cc2d/go.mod h1:1C1jhefvdXC8bEFELiP096Ev/1aSBHqmMO9GWit6tno=
github.com/alkem-io/website-wowchemy-blocks v0.0.0-20230111221855-d15e3ba3e7db h1:43N1KPCLwwHw0c0xVH5YMSH5GP/NuuvNLNZsaOxutso=
github.com/alkem-io/website-wowchemy-blocks v0.0.0-20230111221855-d15e3ba3e7db/go.mod h1:1C1jhefvdXC8bEFELiP096Ev/1aSBHqmMO9GWit6tno=
github.com/renehonig/website-wowchemy-blocks v0.0.0-20221220162257-c7d1b82b1079 h1:irs6yugL5J9hJrlO6+/L8Lp0KBFwmxJHbATye4s+iU4=
github.com/renehonig/website-wowchemy-blocks v0.0.0-20221220162257-c7d1b82b1079/go.mod h1:m6l+mfWQKBVZRDoKtF+LPOLN+g1lq/oaPsXUm/qZQhw=
github.com/renehonig/website-wowchemy-blocks v0.0.0-20221220164532-a64c3d9e7122 h1:BotsFwpbOjKxts1AcPOHbPAiKZgiXT9GifG3OETBYC8=
github.com/renehonig/website-wowchemy-blocks v0.0.0-20221220164532-a64c3d9e7122/go.mod h1:m6l+mfWQKBVZRDoKtF+LPOLN+g1lq/oaPsXUm/qZQhw=
github.com/renehonig/website-wowchemy-blocks v0.0.0-20221220165437-5f1d23bea5bc h1:HRpVwjkNzxh3cf6eZk3uN80MojGoV+4C97RditKTWVk=
github.com/renehonig/website-wowchemy-blocks v0.0.0-20221220165437-5f1d23bea5bc/go.mod h1:m6l+mfWQKBVZRDoKtF+LPOLN+g1lq/oaPsXUm/qZQhw=
github.com/renehonig/website-wowchemy-blocks/v2 v2.0.0-20221220165313-83619963bcf3 h1:16vM3Ob5xHO4RsdPaTJ4XEPjxG/RBM4RhXHrX2xP20E=
github.com/renehonig/website-wowchemy-blocks/v2 v2.0.0-20221220165313-83619963bcf3/go.mod h1:bzN0HVMOuGVA2ZvO6hqqIdJETRhXB/08O/3RVDNosxw=
github.com/wowchemy/wowchemy-hugo-themes/modules/wowchemy-core v0.1.0/go.mod h1:kJwI9H8dicHQCnP8G9EvUDI+oNg/yXcGsjGjwjXuM8I=
github.com/wowchemy/wowchemy-hugo-themes/modules/wowchemy-plugin-netlify v1.0.0 h1:blRMoXNtlxnqXlVi4eCdPtTfVpJkH9J1f6tEKDXimCY=
github.com/wowchemy/wowchemy-hugo-themes/modules/wowchemy-plugin-netlify v1.0.0/go.mod h1:s40UgLsWfVyCLQ2F4F3dBcNfZOXcPGld7KxsKhZdzvM=
github.com/wowchemy/wowchemy-hugo-themes/modules/wowchemy-plugin-netlify v1.0.1-0.20221106163805-45466f563a8a h1:jozfzz9MMiuEpY66z3zydyG7UFCEDQvKgwvIeTmS95Q=
github.com/wowchemy/wowchemy-hugo-themes/modules/wowchemy-plugin-netlify v1.0.1-0.20221106163805-45466f563a8a/go.mod h1:s40UgLsWfVyCLQ2F4F3dBcNfZOXcPGld7KxsKhZdzvM=
github.com/wowchemy/wowchemy-hugo-themes/modules/wowchemy-plugin-netlify v1.0.1-0.20221130182139-2c00b903e65f h1:P4vNtDPNbviarCTHib9Fy8ZEABeP1IH4kzA18vze8BI=
github.com/wowchemy/wowchemy-hugo-themes/modules/wowchemy-plugin-netlify v1.0.1-0.20221130182139-2c00b903e65f/go.mod h1:s40UgLsWfVyCLQ2F4F3dBcNfZOXcPGld7KxsKhZdzvM=
github.com/wowchemy/wowchemy-hugo-themes/modules/wowchemy-plugin-netlify-cms v1.0.0 h1:WCbC3jjXAcFGUWn5W1QUk5tzNq4x4NcyqABI/s0SnWw=
github.com/wowchemy/wowchemy-hugo-themes/modules/wowchemy-plugin-netlify-cms v1.0.0/go.mod h1:X1mETJo6Lkv9tEgfU0UYFRiRInf0RbgW+s1RKXB4GMA=
github.com/wowchemy/wowchemy-hugo-themes/modules/wowchemy-plugin-netlify-cms v1.0.1-0.20221106163805-45466f563a8a h1:Svv52S+U5aRu0oisLRzVRY5BFC7x2DXhEkvQtpl3Iu0=
github.com/wowchemy/wowchemy-hugo-themes/modules/wowchemy-plugin-netlify-cms v1.0.1-0.20221106163805-45466f563a8a/go.mod h1:X1mETJo6Lkv9tEgfU0UYFRiRInf0RbgW+s1RKXB4GMA=
github.com/wowchemy/wowchemy-hugo-themes/modules/wowchemy-plugin-netlify-cms v1.0.1-0.20221130182139-2c00b903e65f h1:vQwYIN9/S6g99ObLaztSIEQ43pc2sMjyJA0aCZQBxJk=
github.com/wowchemy/wowchemy-hugo-themes/modules/wowchemy-plugin-netlify-cms v1.0.1-0.20221130182139-2c00b903e65f/go.mod h1:X1mETJo6Lkv9tEgfU0UYFRiRInf0RbgW+s1RKXB4GMA=
github.com/wowchemy/wowchemy-hugo-themes/modules/wowchemy-plugin-reveal v0.0.0-20221130182139-2c00b903e65f h1:bHrJAMD2AlfRoKU+70Q0j2OgTZuSwUx+/OkrAO7hxoU=
github.com/wowchemy/wowchemy-hugo-themes/modules/wowchemy-plugin-reveal v0.0.0-20221130182139-2c00b903e65f/go.mod h1:u2hgU45C6Oi3CwMzSNvTwuRTsKs7O46EG3MTjNKu7gE=
github.com/wowchemy/wowchemy-hugo-themes/modules/wowchemy-plugin-reveal v1.0.0 h1:EYUeXFaj/roT2MtbZf9gaOTtG+S4bJWYGvNgxVdEspY=
github.com/wowchemy/wowchemy-hugo-themes/modules/wowchemy-plugin-reveal v1.0.0/go.mod h1:u2hgU45C6Oi3CwMzSNvTwuRTsKs7O46EG3MTjNKu7gE=
github.com/wowchemy/wowchemy-hugo-themes/modules/wowchemy-seo v0.1.0/go.mod h1:R01vz++1i/KR2n00aWGcs6m/L7ky1klbrpqA2KXjMCk=
github.com/wowchemy/wowchemy-hugo-themes/modules/wowchemy/v5 v5.7.0 h1:j0H7ApKal0qdWWdFbT7S/F3XQ7959nO3+kA6lLN4jec=
github.com/wowchemy/wowchemy-hugo-themes/modules/wowchemy/v5 v5.7.0/go.mod h1:pxtkh2Fw4Vdwh2NvIYpCqhR0g7MgwVAxFN1lW9Rep44=
github.com/wowchemy/wowchemy-hugo-themes/modules/wowchemy/v5 v5.7.1-0.20221106163805-45466f563a8a h1:E/b3J305QMI7Qv1eUFMf07f+HkNk8S4gS/oKcMY09GY=
github.com/wowchemy/wowchemy-hugo-themes/modules/wowchemy/v5 v5.7.1-0.20221106163805-45466f563a8a/go.mod h1:pxtkh2Fw4Vdwh2NvIYpCqhR0g7MgwVAxFN1lW9Rep44=
github.com/wowchemy/wowchemy-hugo-themes/modules/wowchemy/v5 v5.7.1-0.20221130182139-2c00b903e65f h1:QZVZlCG8c7RBdhy2JCSYwwVFQj0LI12tMOGCpT+yQjs=
github.com/wowchemy/wowchemy-hugo-themes/modules/wowchemy/v5 v5.7.1-0.20221130182139-2c00b903e65f/go.mod h1:pxtkh2Fw4Vdwh2NvIYpCqhR0g7MgwVAxFN1lW9Rep44=
